<?xml version="1.0" encoding="UTF-8" standalone="yes" ?>
<CodeBlocks_project_file>
	<FileVersion major="1" minor="6" />
	<Project>
		<Option title="sokuban" />
		<Option pch_mode="2" />
		<Option compiler="gcc" />
		<Build>
			<Target title="Debug">
				<Option output="bin/Debug/sokuban" prefix_auto="1" extension_auto="1" />
				<Option working_dir="bin/Debug" />
				<Option object_output="obj/Debug/" />
				<Option type="1" />
				<Option compiler="gcc" />
				<Compiler>
					<Add option="-g" />
				</Compiler>
			</Target>
			<Target title="Release">
				<Option output="bin/Release/sokuban" prefix_auto="1" extension_auto="1" />
				<Option object_output="obj/Release/" />
				<Option type="1" />
				<Option compiler="gcc" />
				<Compiler>
					<Add option="-O2" />
				</Compiler>
				<Linker>
					<Add option="-s" />
				</Linker>
			</Target>
		</Build>
		<Compiler>
			<Add option="-Wall" />
			<Add option="-fexceptions" />
			<Add directory="externals/sdl2/include" />
			<Add directory="externals/sdl2_image/include" />
			<Add directory="externals/sdl2/include/sdl2" />
		</Compiler>
		<Linker>
			<Add option="-lmingw32 -lSDL2main -lSDL2 -lSDL2_image" />
			<Add directory="externals/sdl2/lib" />
			<Add directory="externals/sdl2_image/lib" />
		</Linker>
		<Unit filename="source/button.cpp" />
		<Unit filename="source/button.hpp" />
		<Unit filename="source/gamemap.cpp" />
		<Unit filename="source/gamemap.hpp" />
		<Unit filename="source/gamescene.cpp" />
		<Unit filename="source/gamescene.hpp" />
		<Unit filename="source/gamestate.cpp" />
		<Unit filename="source/gamestate.hpp" />
		<Unit filename="source/main.cpp" />
		<Unit filename="source/object.cpp" />
		<Unit filename="source/object.hpp" />
		<Unit filename="source/rectangle.cpp" />
		<Unit filename="source/rectangle.hpp" />
		<Unit filename="source/resman.cpp" />
		<Unit filename="source/resman.hpp" />
		<Unit filename="source/scene.hpp" />
		<Unit filename="source/vec2d.cpp" />
		<Unit filename="source/vec2d.hpp" />
		<Extensions>
			<lib_finder disable_auto="1" />
		</Extensions>
	</Project>
</CodeBlocks_project_file>
